// !$*UTF8*$!
{
	archiveVersion = 1;
	classes = {
	};
	objectVersion = 46;
	objects = {

/* Begin PBXBuildFile section */
		2248BF8017857CCF0043BE83 /* PhotoboothViewController2.m in Sources */ = {isa = PBXBuildFile; fileRef = 2248BF7F17857CCF0043BE83 /* PhotoboothViewController2.m */; };
		22563089178B0FFF00002FB6 /* Black1.png in Resources */ = {isa = PBXBuildFile; fileRef = 22563080178B0FFF00002FB6 /* Black1.png */; };
		2256308A178B0FFF00002FB6 /* Blue1.png in Resources */ = {isa = PBXBuildFile; fileRef = 22563081178B0FFF00002FB6 /* Blue1.png */; };
		2256308B178B0FFF00002FB6 /* Gray1.png in Resources */ = {isa = PBXBuildFile; fileRef = 22563082178B0FFF00002FB6 /* Gray1.png */; };
		2256308C178B0FFF00002FB6 /* Green1.png in Resources */ = {isa = PBXBuildFile; fileRef = 22563083178B0FFF00002FB6 /* Green1.png */; };
		2256308D178B0FFF00002FB6 /* LightGreen1.png in Resources */ = {isa = PBXBuildFile; fileRef = 22563084178B0FFF00002FB6 /* LightGreen1.png */; };
		2256308E178B0FFF00002FB6 /* Orange1.png in Resources */ = {isa = PBXBuildFile; fileRef = 22563085178B0FFF00002FB6 /* Orange1.png */; };
		2256308F178B0FFF00002FB6 /* Pink1.png in Resources */ = {isa = PBXBuildFile; fileRef = 22563086178B0FFF00002FB6 /* Pink1.png */; };
		22563090178B0FFF00002FB6 /* Red1.png in Resources */ = {isa = PBXBuildFile; fileRef = 22563087178B0FFF00002FB6 /* Red1.png */; };
		22563091178B0FFF00002FB6 /* Yellow1.png in Resources */ = {isa = PBXBuildFile; fileRef = 22563088178B0FFF00002FB6 /* Yellow1.png */; };
		22CA07F11793DFA30095A4B9 /* Background.png in Resources */ = {isa = PBXBuildFile; fileRef = 22CA07ED1793DFA30095A4B9 /* Background.png */; };
		22CA07F21793DFA30095A4B9 /* Editor.png in Resources */ = {isa = PBXBuildFile; fileRef = 22CA07EE1793DFA30095A4B9 /* Editor.png */; };
		22CA07F31793DFA30095A4B9 /* New Photo.png in Resources */ = {isa = PBXBuildFile; fileRef = 22CA07EF1793DFA30095A4B9 /* New Photo.png */; };
		22CA07F41793DFA30095A4B9 /* Share.png in Resources */ = {isa = PBXBuildFile; fileRef = 22CA07F01793DFA30095A4B9 /* Share.png */; };
		22CA07F61794E7ED0095A4B9 /* Brown1.png in Resources */ = {isa = PBXBuildFile; fileRef = 22CA07F51794E7ED0095A4B9 /* Brown1.png */; };
		22CAF1311782CB8100794998 /* UIKit.framework in Frameworks */ = {isa = PBXBuildFile; fileRef = 22CAF1301782CB8100794998 /* UIKit.framework */; };
		22CAF1331782CB8100794998 /* Foundation.framework in Frameworks */ = {isa = PBXBuildFile; fileRef = 22CAF1321782CB8100794998 /* Foundation.framework */; };
		22CAF1351782CB8100794998 /* CoreGraphics.framework in Frameworks */ = {isa = PBXBuildFile; fileRef = 22CAF1341782CB8100794998 /* CoreGraphics.framework */; };
		22CAF13B1782CB8100794998 /* InfoPlist.strings in Resources */ = {isa = PBXBuildFile; fileRef = 22CAF1391782CB8100794998 /* InfoPlist.strings */; };
		22CAF13D1782CB8100794998 /* main.m in Sources */ = {isa = PBXBuildFile; fileRef = 22CAF13C1782CB8100794998 /* main.m */; };
		22CAF1411782CB8100794998 /* PhotoboothAppDelegate.m in Sources */ = {isa = PBXBuildFile; fileRef = 22CAF1401782CB8100794998 /* PhotoboothAppDelegate.m */; };
		22CAF1431782CB8100794998 /* Default.png in Resources */ = {isa = PBXBuildFile; fileRef = 22CAF1421782CB8100794998 /* Default.png */; };
		22CAF1451782CB8100794998 /* Default@2x.png in Resources */ = {isa = PBXBuildFile; fileRef = 22CAF1441782CB8100794998 /* Default@2x.png */; };
		22CAF1471782CB8100794998 /* Default-568h@2x.png in Resources */ = {isa = PBXBuildFile; fileRef = 22CAF1461782CB8100794998 /* Default-568h@2x.png */; };
		22CAF14A1782CB8100794998 /* MainStoryboard_iPhone.storyboard in Resources */ = {isa = PBXBuildFile; fileRef = 22CAF1481782CB8100794998 /* MainStoryboard_iPhone.storyboard */; };
		22CAF1501782CB8100794998 /* PhotoboothViewController.m in Sources */ = {isa = PBXBuildFile; fileRef = 22CAF14F1782CB8100794998 /* PhotoboothViewController.m */; };
		22CAF15A1782CBA100794998 /* SVProgressHUD.bundle in Resources */ = {isa = PBXBuildFile; fileRef = 22CAF1571782CBA100794998 /* SVProgressHUD.bundle */; };
		22CAF15B1782CBA100794998 /* SVProgressHUD.m in Sources */ = {isa = PBXBuildFile; fileRef = 22CAF1591782CBA100794998 /* SVProgressHUD.m */; };
		22CAF15D1782CBC600794998 /* QuartzCore.framework in Frameworks */ = {isa = PBXBuildFile; fileRef = 22CAF15C1782CBC600794998 /* QuartzCore.framework */; };
		22CAF15F1782CBCE00794998 /* Social.framework in Frameworks */ = {isa = PBXBuildFile; fileRef = 22CAF15E1782CBCE00794998 /* Social.framework */; };
/* End PBXBuildFile section */

/* Begin PBXFileReference section */
		2248BF7E17857CCF0043BE83 /* PhotoboothViewController2.h */ = {isa = PBXFileReference; fileEncoding = 4; lastKnownFileType = sourcecode.c.h; path = PhotoboothViewController2.h; sourceTree = "<group>"; };
		2248BF7F17857CCF0043BE83 /* PhotoboothViewController2.m */ = {isa = PBXFileReference; fileEncoding = 4; lastKnownFileType = sourcecode.c.objc; path = PhotoboothViewController2.m; sourceTree = "<group>"; };
		22563080178B0FFF00002FB6 /* Black1.png */ = {isa = PBXFileReference; lastKnownFileType = image.png; path = Black1.png; sourceTree = "<group>"; };
		22563081178B0FFF00002FB6 /* Blue1.png */ = {isa = PBXFileReference; lastKnownFileType = image.png; path = Blue1.png; sourceTree = "<group>"; };
		22563082178B0FFF00002FB6 /* Gray1.png */ = {isa = PBXFileReference; lastKnownFileType = image.png; path = Gray1.png; sourceTree = "<group>"; };
		22563083178B0FFF00002FB6 /* Green1.png */ = {isa = PBXFileReference; lastKnownFileType = image.png; path = Green1.png; sourceTree = "<group>"; };
		22563084178B0FFF00002FB6 /* LightGreen1.png */ = {isa = PBXFileReference; lastKnownFileType = image.png; path = LightGreen1.png; sourceTree = "<group>"; };
		22563085178B0FFF00002FB6 /* Orange1.png */ = {isa = PBXFileReference; lastKnownFileType = image.png; path = Orange1.png; sourceTree = "<group>"; };
		22563086178B0FFF00002FB6 /* Pink1.png */ = {isa = PBXFileReference; lastKnownFileType = image.png; path = Pink1.png; sourceTree = "<group>"; };
		22563087178B0FFF00002FB6 /* Red1.png */ = {isa = PBXFileReference; lastKnownFileType = image.png; path = Red1.png; sourceTree = "<group>"; };
		22563088178B0FFF00002FB6 /* Yellow1.png */ = {isa = PBXFileReference; lastKnownFileType = image.png; path = Yellow1.png; sourceTree = "<group>"; };
		22CA07ED1793DFA30095A4B9 /* Background.png */ = {isa = PBXFileReference; lastKnownFileType = image.png; path = Background.png; sourceTree = "<group>"; };
		22CA07EE1793DFA30095A4B9 /* Editor.png */ = {isa = PBXFileReference; lastKnownFileType = image.png; path = Editor.png; sourceTree = "<group>"; };
		22CA07EF1793DFA30095A4B9 /* New Photo.png */ = {isa = PBXFileReference; lastKnownFileType = image.png; path = "New Photo.png"; sourceTree = "<group>"; };
		22CA07F01793DFA30095A4B9 /* Share.png */ = {isa = PBXFileReference; lastKnownFileType = image.png; path = Share.png; sourceTree = "<group>"; };
		22CA07F51794E7ED0095A4B9 /* Brown1.png */ = {isa = PBXFileReference; lastKnownFileType = image.png; path = Brown1.png; sourceTree = "<group>"; };
		22CAF12D1782CB8100794998 /* Photobooth.app */ = {isa = PBXFileReference; explicitFileType = wrapper.application; includeInIndex = 0; path = Photobooth.app; sourceTree = BUILT_PRODUCTS_DIR; };
		22CAF1301782CB8100794998 /* UIKit.framework */ = {isa = PBXFileReference; lastKnownFileType = wrapper.framework; name = UIKit.framework; path = System/Library/Frameworks/UIKit.framework; sourceTree = SDKROOT; };
		22CAF1321782CB8100794998 /* Foundation.framework */ = {isa = PBXFileReference; lastKnownFileType = wrapper.framework; name = Foundation.framework; path = System/Library/Frameworks/Foundation.framework; sourceTree = SDKROOT; };
		22CAF1341782CB8100794998 /* CoreGraphics.framework */ = {isa = PBXFileReference; lastKnownFileType = wrapper.framework; name = CoreGraphics.framework; path = System/Library/Frameworks/CoreGraphics.framework; sourceTree = SDKROOT; };
		22CAF1381782CB8100794998 /* SST Photobooth-Info.plist */ = {isa = PBXFileReference; lastKnownFileType = text.plist.xml; path = "SST Photobooth-Info.plist"; sourceTree = "<group>"; };
		22CAF13A1782CB8100794998 /* en */ = {isa = PBXFileReference; lastKnownFileType = text.plist.strings; name = en; path = en.lproj/InfoPlist.strings; sourceTree = "<group>"; };
		22CAF13C1782CB8100794998 /* main.m */ = {isa = PBXFileReference; lastKnownFileType = sourcecode.c.objc; path = main.m; sourceTree = "<group>"; };
		22CAF13E1782CB8100794998 /* SST Photobooth-Prefix.pch */ = {isa = PBXFileReference; lastKnownFileType = sourcecode.c.h; path = "SST Photobooth-Prefix.pch"; sourceTree = "<group>"; };
		22CAF13F1782CB8100794998 /* PhotoboothAppDelegate.h */ = {isa = PBXFileReference; lastKnownFileType = sourcecode.c.h; path = PhotoboothAppDelegate.h; sourceTree = "<group>"; };
		22CAF1401782CB8100794998 /* PhotoboothAppDelegate.m */ = {isa = PBXFileReference; lastKnownFileType = sourcecode.c.objc; path = PhotoboothAppDelegate.m; sourceTree = "<group>"; };
		22CAF1421782CB8100794998 /* Default.png */ = {isa = PBXFileReference; lastKnownFileType = image.png; path = Default.png; sourceTree = "<group>"; };
		22CAF1441782CB8100794998 /* Default@2x.png */ = {isa = PBXFileReference; lastKnownFileType = image.png; path = "Default@2x.png"; sourceTree = "<group>"; };
		22CAF1461782CB8100794998 /* Default-568h@2x.png */ = {isa = PBXFileReference; lastKnownFileType = image.png; path = "Default-568h@2x.png"; sourceTree = "<group>"; };
		22CAF1491782CB8100794998 /* en */ = {isa = PBXFileReference; lastKnownFileType = file.storyboard; name = en; path = en.lproj/MainStoryboard_iPhone.storyboard; sourceTree = "<group>"; };
		22CAF14E1782CB8100794998 /* PhotoboothViewController.h */ = {isa = PBXFileReference; lastKnownFileType = sourcecode.c.h; path = PhotoboothViewController.h; sourceTree = "<group>"; };
		22CAF14F1782CB8100794998 /* PhotoboothViewController.m */ = {isa = PBXFileReference; lastKnownFileType = sourcecode.c.objc; path = PhotoboothViewController.m; sourceTree = "<group>"; };
		22CAF1571782CBA100794998 /* SVProgressHUD.bundle */ = {isa = PBXFileReference; lastKnownFileType = "wrapper.plug-in"; path = SVProgressHUD.bundle; sourceTree = "<group>"; };
		22CAF1581782CBA100794998 /* SVProgressHUD.h */ = {isa = PBXFileReference; fileEncoding = 4; lastKnownFileType = sourcecode.c.h; path = SVProgressHUD.h; sourceTree = "<group>"; };
		22CAF1591782CBA100794998 /* SVProgressHUD.m */ = {isa = PBXFileReference; fileEncoding = 4; lastKnownFileType = sourcecode.c.objc; path = SVProgressHUD.m; sourceTree = "<group>"; };
		22CAF15C1782CBC600794998 /* QuartzCore.framework */ = {isa = PBXFileReference; lastKnownFileType = wrapper.framework; name = QuartzCore.framework; path = System/Library/Frameworks/QuartzCore.framework; sourceTree = SDKROOT; };
		22CAF15E1782CBCE00794998 /* Social.framework */ = {isa = PBXFileReference; lastKnownFileType = wrapper.framework; name = Social.framework; path = System/Library/Frameworks/Social.framework; sourceTree = SDKROOT; };
/* End PBXFileReference section */

/* Begin PBXFrameworksBuildPhase section */
		22CAF12A1782CB8100794998 /* Frameworks */ = {
			isa = PBXFrameworksBuildPhase;
			buildActionMask = 2147483647;
			files = (
				22CAF15F1782CBCE00794998 /* Social.framework in Frameworks */,
				22CAF15D1782CBC600794998 /* QuartzCore.framework in Frameworks */,
				22CAF1311782CB8100794998 /* UIKit.framework in Frameworks */,
				22CAF1331782CB8100794998 /* Foundation.framework in Frameworks */,
				22CAF1351782CB8100794998 /* CoreGraphics.framework in Frameworks */,
			);
			runOnlyForDeploymentPostprocessing = 0;
		};
/* End PBXFrameworksBuildPhase section */

/* Begin PBXGroup section */
		2256307F178B0FFF00002FB6 /* Colors */ = {
			isa = PBXGroup;
			children = (
				22CA07F51794E7ED0095A4B9 /* Brown1.png */,
				22563080178B0FFF00002FB6 /* Black1.png */,
				22563081178B0FFF00002FB6 /* Blue1.png */,
				22563082178B0FFF00002FB6 /* Gray1.png */,
				22563083178B0FFF00002FB6 /* Green1.png */,
				22563084178B0FFF00002FB6 /* LightGreen1.png */,
				22563085178B0FFF00002FB6 /* Orange1.png */,
				22563086178B0FFF00002FB6 /* Pink1.png */,
				22563087178B0FFF00002FB6 /* Red1.png */,
				22563088178B0FFF00002FB6 /* Yellow1.png */,
			);
			path = Colors;
			sourceTree = "<group>";
		};
		22CA07EC1793DFA30095A4B9 /* SST Lens */ = {
			isa = PBXGroup;
			children = (
				22CA07ED1793DFA30095A4B9 /* Background.png */,
				22CA07EE1793DFA30095A4B9 /* Editor.png */,
				22CA07EF1793DFA30095A4B9 /* New Photo.png */,
				22CA07F01793DFA30095A4B9 /* Share.png */,
			);
			path = "SST Lens";
			sourceTree = "<group>";
		};
		22CAF1241782CB8100794998 = {
			isa = PBXGroup;
			children = (
				22CAF15E1782CBCE00794998 /* Social.framework */,
				22CAF15C1782CBC600794998 /* QuartzCore.framework */,
				22CAF1561782CBA100794998 /* SVProgressHUD */,
				22CAF1361782CB8100794998 /* SST Photobooth */,
				22CAF12F1782CB8100794998 /* Frameworks */,
				22CAF12E1782CB8100794998 /* Products */,
			);
			sourceTree = "<group>";
		};
		22CAF12E1782CB8100794998 /* Products */ = {
			isa = PBXGroup;
			children = (
				22CAF12D1782CB8100794998 /* Photobooth.app */,
			);
			name = Products;
			sourceTree = "<group>";
		};
		22CAF12F1782CB8100794998 /* Frameworks */ = {
			isa = PBXGroup;
			children = (
				22CAF1301782CB8100794998 /* UIKit.framework */,
				22CAF1321782CB8100794998 /* Foundation.framework */,
				22CAF1341782CB8100794998 /* CoreGraphics.framework */,
			);
			name = Frameworks;
			sourceTree = "<group>";
		};
		22CAF1361782CB8100794998 /* SST Photobooth */ = {
			isa = PBXGroup;
			children = (
				22CA07EC1793DFA30095A4B9 /* SST Lens */,
				2256307F178B0FFF00002FB6 /* Colors */,
				22CAF13F1782CB8100794998 /* PhotoboothAppDelegate.h */,
				22CAF1401782CB8100794998 /* PhotoboothAppDelegate.m */,
				22CAF1481782CB8100794998 /* MainStoryboard_iPhone.storyboard */,
				22CAF14E1782CB8100794998 /* PhotoboothViewController.h */,
				22CAF14F1782CB8100794998 /* PhotoboothViewController.m */,
				2248BF7E17857CCF0043BE83 /* PhotoboothViewController2.h */,
				2248BF7F17857CCF0043BE83 /* PhotoboothViewController2.m */,
				22CAF1371782CB8100794998 /* Supporting Files */,
			);
			path = "SST Photobooth";
			sourceTree = "<group>";
		};
		22CAF1371782CB8100794998 /* Supporting Files */ = {
			isa = PBXGroup;
			children = (
				22CAF1381782CB8100794998 /* SST Photobooth-Info.plist */,
				22CAF1391782CB8100794998 /* InfoPlist.strings */,
				22CAF13C1782CB8100794998 /* main.m */,
				22CAF13E1782CB8100794998 /* SST Photobooth-Prefix.pch */,
				22CAF1421782CB8100794998 /* Default.png */,
				22CAF1441782CB8100794998 /* Default@2x.png */,
				22CAF1461782CB8100794998 /* Default-568h@2x.png */,
			);
			name = "Supporting Files";
			sourceTree = "<group>";
		};
		22CAF1561782CBA100794998 /* SVProgressHUD */ = {
			isa = PBXGroup;
			children = (
				22CAF1571782CBA100794998 /* SVProgressHUD.bundle */,
				22CAF1581782CBA100794998 /* SVProgressHUD.h */,
				22CAF1591782CBA100794998 /* SVProgressHUD.m */,
			);
			path = SVProgressHUD;
			sourceTree = "<group>";
		};
/* End PBXGroup section */

/* Begin PBXNativeTarget section */
		22CAF12C1782CB8100794998 /* Lens */ = {
			isa = PBXNativeTarget;
			buildConfigurationList = 22CAF1531782CB8100794998 /* Build configuration list for PBXNativeTarget "Lens" */;
			buildPhases = (
				22CAF1291782CB8100794998 /* Sources */,
				22CAF12A1782CB8100794998 /* Frameworks */,
				22CAF12B1782CB8100794998 /* Resources */,
			);
			buildRules = (
			);
			dependencies = (
			);
			name = Lens;
			productName = "SST Photobooth";
			productReference = 22CAF12D1782CB8100794998 /* Photobooth.app */;
			productType = "com.apple.product-type.application";
		};
/* End PBXNativeTarget section */

/* Begin PBXProject section */
		22CAF1251782CB8100794998 /* Project object */ = {
			isa = PBXProject;
			attributes = {
				CLASSPREFIX = Photobooth;
				LastUpgradeCheck = 0460;
				ORGANIZATIONNAME = "Pan Ziyue";
			};
			buildConfigurationList = 22CAF1281782CB8100794998 /* Build configuration list for PBXProject "SST Photobooth" */;
			compatibilityVersion = "Xcode 3.2";
			developmentRegion = English;
			hasScannedForEncodings = 0;
			knownRegions = (
				en,
			);
			mainGroup = 22CAF1241782CB8100794998;
			productRefGroup = 22CAF12E1782CB8100794998 /* Products */;
			projectDirPath = "";
			projectRoot = "";
			targets = (
				22CAF12C1782CB8100794998 /* Lens */,
			);
		};
/* End PBXProject section */

/* Begin PBXResourcesBuildPhase section */
		22CAF12B1782CB8100794998 /* Resources */ = {
			isa = PBXResourcesBuildPhase;
			buildActionMask = 2147483647;
			files = (
				22CAF13B1782CB8100794998 /* InfoPlist.strings in Resources */,
				22CAF1431782CB8100794998 /* Default.png in Resources */,
				22CAF1451782CB8100794998 /* Default@2x.png in Resources */,
				22CAF1471782CB8100794998 /* Default-568h@2x.png in Resources */,
				22CAF14A1782CB8100794998 /* MainStoryboard_iPhone.storyboard in Resources */,
				22CAF15A1782CBA100794998 /* SVProgressHUD.bundle in Resources */,
				22563089178B0FFF00002FB6 /* Black1.png in Resources */,
				2256308A178B0FFF00002FB6 /* Blue1.png in Resources */,
				2256308B178B0FFF00002FB6 /* Gray1.png in Resources */,
				2256308C178B0FFF00002FB6 /* Green1.png in Resources */,
				2256308D178B0FFF00002FB6 /* LightGreen1.png in Resources */,
				2256308E178B0FFF00002FB6 /* Orange1.png in Resources */,
				2256308F178B0FFF00002FB6 /* Pink1.png in Resources */,
				22563090178B0FFF00002FB6 /* Red1.png in Resources */,
				22563091178B0FFF00002FB6 /* Yellow1.png in Resources */,
				22CA07F11793DFA30095A4B9 /* Background.png in Resources */,
				22CA07F21793DFA30095A4B9 /* Editor.png in Resources */,
				22CA07F31793DFA30095A4B9 /* New Photo.png in Resources */,
				22CA07F41793DFA30095A4B9 /* Share.png in Resources */,
				22CA07F61794E7ED0095A4B9 /* Brown1.png in Resources */,
			);
			runOnlyForDeploymentPostprocessing = 0;
		};
/* End PBXResourcesBuildPhase section */

/* Begin PBXSourcesBuildPhase section */
		22CAF1291782CB8100794998 /* Sources */ = {
			isa = PBXSourcesBuildPhase;
			buildActionMask = 2147483647;
			files = (
				22CAF13D1782CB8100794998 /* main.m in Sources */,
				22CAF1411782CB8100794998 /* PhotoboothAppDelegate.m in Sources */,
				22CAF1501782CB8100794998 /* PhotoboothViewController.m in Sources */,
				22CAF15B1782CBA100794998 /* SVProgressHUD.m in Sources */,
				2248BF8017857CCF0043BE83 /* PhotoboothViewController2.m in Sources */,
			);
			runOnlyForDeploymentPostprocessing = 0;
		};
/* End PBXSourcesBuildPhase section */

/* Begin PBXVariantGroup section */
		22CAF1391782CB8100794998 /* InfoPlist.strings */ = {
			isa = PBXVariantGroup;
			children = (
				22CAF13A1782CB8100794998 /* en */,
			);
			name = InfoPlist.strings;
			sourceTree = "<group>";
		};
		22CAF1481782CB8100794998 /* MainStoryboard_iPhone.storyboard */ = {
			isa = PBXVariantGroup;
			children = (
				22CAF1491782CB8100794998 /* en */,
			);
			name = MainStoryboard_iPhone.storyboard;
			sourceTree = "<group>";
		};
/* End PBXVariantGroup section */

/* Begin XCBuildConfiguration section */
		22CAF1511782CB8100794998 /* Debug */ = {
			isa = XCBuildConfiguration;
			buildSettings = {
				ALWAYS_SEARCH_USER_PATHS = NO;
				CLANG_CXX_LANGUAGE_STANDARD = "gnu++0x";
				CLANG_CXX_LIBRARY = "libc++";
				CLANG_ENABLE_OBJC_ARC = YES;
				CLANG_WARN_CONSTANT_CONVERSION = YES;
				CLANG_WARN_EMPTY_BODY = YES;
				CLANG_WARN_ENUM_CONVERSION = YES;
				CLANG_WARN_INT_CONVERSION = YES;
				CLANG_WARN__DUPLICATE_METHOD_MATCH = YES;
				"CODE_SIGN_IDENTITY[sdk=iphoneos*]" = "iPhone Developer";
				COPY_PHASE_STRIP = NO;
				GCC_C_LANGUAGE_STANDARD = gnu99;
				GCC_DYNAMIC_NO_PIC = NO;
				GCC_OPTIMIZATION_LEVEL = 0;
				GCC_PREPROCESSOR_DEFINITIONS = (
					"DEBUG=1",
					"$(inherited)",
				);
				GCC_SYMBOLS_PRIVATE_EXTERN = NO;
				GCC_WARN_ABOUT_RETURN_TYPE = YES;
				GCC_WARN_UNINITIALIZED_AUTOS = YES;
				GCC_WARN_UNUSED_VARIABLE = YES;
				IPHONEOS_DEPLOYMENT_TARGET = 6.1;
				ONLY_ACTIVE_ARCH = YES;
				SDKROOT = iphoneos;
				TARGETED_DEVICE_FAMILY = "1,2";
			};
			name = Debug;
		};
		22CAF1521782CB8100794998 /* Release */ = {
			isa = XCBuildConfiguration;
			buildSettings = {
				ALWAYS_SEARCH_USER_PATHS = NO;
				CLANG_CXX_LANGUAGE_STANDARD = "gnu++0x";
				CLANG_CXX_LIBRARY = "libc++";
				CLANG_ENABLE_OBJC_ARC = YES;
				CLANG_WARN_CONSTANT_CONVERSION = YES;
				CLANG_WARN_EMPTY_BODY = YES;
				CLANG_WARN_ENUM_CONVERSION = YES;
				CLANG_WARN_INT_CONVERSION = YES;
				CLANG_WARN__DUPLICATE_METHOD_MATCH = YES;
				"CODE_SIGN_IDENTITY[sdk=iphoneos*]" = "iPhone Developer";
				COPY_PHASE_STRIP = YES;
				GCC_C_LANGUAGE_STANDARD = gnu99;
				GCC_WARN_ABOUT_RETURN_TYPE = YES;
				GCC_WARN_UNINITIALIZED_AUTOS = YES;
				GCC_WARN_UNUSED_VARIABLE = YES;
				IPHONEOS_DEPLOYMENT_TARGET = 6.1;
				OTHER_CFLAGS = "-DNS_BLOCK_ASSERTIONS=1";
				SDKROOT = iphoneos;
				TARGETED_DEVICE_FAMILY = "1,2";
				VALIDATE_PRODUCT = YES;
			};
			name = Release;
		};
		22CAF1541782CB8100794998 /* Debug */ = {
			isa = XCBuildConfiguration;
			buildSettings = {
				CODE_SIGN_IDENTITY = "iPhone Developer: Ziyue Pan (3DFK5PPTDE)";
				GCC_PRECOMPILE_PREFIX_HEADER = YES;
				GCC_PREFIX_HEADER = "SST Photobooth/SST Photobooth-Prefix.pch";
				INFOPLIST_FILE = "SST Photobooth/SST Photobooth-Info.plist";
				PRODUCT_NAME = "$(TARGET_NAME)";
				PROVISIONING_PROFILE = "775D612D-AEA2-411B-9AFA-C1B3CF4817E4";
				TARGETED_DEVICE_FAMILY = 1;
				WRAPPER_EXTENSION = app;
			};
			name = Debug;
		};
		22CAF1551782CB8100794998 /* Release */ = {
			isa = XCBuildConfiguration;
			buildSettings = {
				CODE_SIGN_IDENTITY = "iPhone Developer: Ziyue Pan (3DFK5PPTDE)";
				GCC_PRECOMPILE_PREFIX_HEADER = YES;
				GCC_PREFIX_HEADER = "SST Photobooth/SST Photobooth-Prefix.pch";
				INFOPLIST_FILE = "SST Photobooth/SST Photobooth-Info.plist";
				PRODUCT_NAME = "$(TARGET_NAME)";
				PROVISIONING_PROFILE = "775D612D-AEA2-411B-9AFA-C1B3CF4817E4";
				TARGETED_DEVICE_FAMILY = 1;
				WRAPPER_EXTENSION = app;
			};
			name = Release;
		};
/* End XCBuildConfiguration section */

/* Begin XCConfigurationList section */
		22CAF1281782CB8100794998 /* Build configuration list for PBXProject "SST Photobooth" */ = {
			isa = XCConfigurationList;
			buildConfigurations = (
				22CAF1511782CB8100794998 /* Debug */,
				22CAF1521782CB8100794998 /* Release */,
			);
			defaultConfigurationIsVisible = 0;
			defaultConfigurationName = Release;
		};
		22CAF1531782CB8100794998 /* Build configuration list for PBXNativeTarget "Lens" */ = {
			isa = XCConfigurationList;
			buildConfigurations = (
				22CAF1541782CB8100794998 /* Debug */,
				22CAF1551782CB8100794998 /* Release */,
			);
			defaultConfigurationIsVisible = 0;
			defaultConfigurationName = Release;
		};
/* End XCConfigurationList section */
	};
	rootObject = 22CAF1251782CB8100794998 /* Project object */;
}
